// !$*UTF8*$!
{
	archiveVersion = 1;
	classes = {
	};
	objectVersion = 50;
	objects = {

/* Begin PBXBuildFile section */
		E542135A253879B700CCC9C3 /* App.swift in Sources */ = {isa = PBXBuildFile; fileRef = E5421359253879B700CCC9C3 /* App.swift */; };
		E542135C253879B700CCC9C3 /* ContentView.swift in Sources */ = {isa = PBXBuildFile; fileRef = E542135B253879B700CCC9C3 /* ContentView.swift */; };
		E542135E253879BB00CCC9C3 /* Assets.xcassets in Resources */ = {isa = PBXBuildFile; fileRef = E542135D253879BB00CCC9C3 /* Assets.xcassets */; };
		E542137025387A0200CCC9C3 /* WidgetKit.framework in Frameworks */ = {isa = PBXBuildFile; fileRef = E542136F25387A0200CCC9C3 /* WidgetKit.framework */; };
		E542137225387A0300CCC9C3 /* SwiftUI.framework in Frameworks */ = {isa = PBXBuildFile; fileRef = E542137125387A0200CCC9C3 /* SwiftUI.framework */; };
		E542137525387A0300CCC9C3 /* WidgetBundle.swift in Sources */ = {isa = PBXBuildFile; fileRef = E542137425387A0300CCC9C3 /* WidgetBundle.swift */; };
		E542137725387A0600CCC9C3 /* Assets.xcassets in Resources */ = {isa = PBXBuildFile; fileRef = E542137625387A0600CCC9C3 /* Assets.xcassets */; };
		E542137B25387A0600CCC9C3 /* WidgetExtension.appex in Embed App Extensions */ = {isa = PBXBuildFile; fileRef = E542136D25387A0200CCC9C3 /* WidgetExtension.appex */; settings = {ATTRIBUTES = (RemoveHeadersOnCopy, ); }; };
		E542139225387BEA00CCC9C3 /* ClockWidget.swift in Sources */ = {isa = PBXBuildFile; fileRef = E542138225387A2400CCC9C3 /* ClockWidget.swift */; };
		E54213A3253881B200CCC9C3 /* CountdownWidget.swift in Sources */ = {isa = PBXBuildFile; fileRef = E542139D253880EE00CCC9C3 /* CountdownWidget.swift */; };
		E54213AA2538829A00CCC9C3 /* TimerWidget.swift in Sources */ = {isa = PBXBuildFile; fileRef = E54213A92538829A00CCC9C3 /* TimerWidget.swift */; };
		E54213B1253884D200CCC9C3 /* NetworkWidget.swift in Sources */ = {isa = PBXBuildFile; fileRef = E54213B0253884D200CCC9C3 /* NetworkWidget.swift */; };
		E54213B52538857F00CCC9C3 /* WebRepository.swift in Sources */ = {isa = PBXBuildFile; fileRef = E54213B42538857F00CCC9C3 /* WebRepository.swift */; };
		E54213BB2538864E00CCC9C3 /* CurrencyWebRepository.swift in Sources */ = {isa = PBXBuildFile; fileRef = E54213BA2538864E00CCC9C3 /* CurrencyWebRepository.swift */; };
		E54213C0253890DB00CCC9C3 /* EnvironmentWidget.swift in Sources */ = {isa = PBXBuildFile; fileRef = E54213BF253890DB00CCC9C3 /* EnvironmentWidget.swift */; };
		E54213C9253891F300CCC9C3 /* AppGroupWidget.swift in Sources */ = {isa = PBXBuildFile; fileRef = E54213C8253891F300CCC9C3 /* AppGroupWidget.swift */; };
		E54213D42538931900CCC9C3 /* UserDefaults+Ext.swift in Sources */ = {isa = PBXBuildFile; fileRef = E54213D32538931900CCC9C3 /* UserDefaults+Ext.swift */; };
		E54213D92538932300CCC9C3 /* UserDefaults+Ext.swift in Sources */ = {isa = PBXBuildFile; fileRef = E54213D32538931900CCC9C3 /* UserDefaults+Ext.swift */; };
		E54213DD2538979B00CCC9C3 /* FileManager+Ext.swift in Sources */ = {isa = PBXBuildFile; fileRef = E54213DC2538979B00CCC9C3 /* FileManager+Ext.swift */; };
		E54213E2253898DA00CCC9C3 /* FileManager+Ext.swift in Sources */ = {isa = PBXBuildFile; fileRef = E54213DC2538979B00CCC9C3 /* FileManager+Ext.swift */; };
		E54213E72538A0C700CCC9C3 /* URLImageWidget.swift in Sources */ = {isa = PBXBuildFile; fileRef = E54213E62538A0C700CCC9C3 /* URLImageWidget.swift */; };
		E54213EB2538A14800CCC9C3 /* URLImageView.swift in Sources */ = {isa = PBXBuildFile; fileRef = E54213EA2538A14800CCC9C3 /* URLImageView.swift */; };
		E54213F62538A9B600CCC9C3 /* DeepLinkWidget.swift in Sources */ = {isa = PBXBuildFile; fileRef = E54213F52538A9B600CCC9C3 /* DeepLinkWidget.swift */; };
		E54214032538AF2000CCC9C3 /* PreviewWidget.swift in Sources */ = {isa = PBXBuildFile; fileRef = E54214022538AF2000CCC9C3 /* PreviewWidget.swift */; };
		E542140B2538AF7800CCC9C3 /* PreviewWidgetEntry.swift in Sources */ = {isa = PBXBuildFile; fileRef = E542140A2538AF7800CCC9C3 /* PreviewWidgetEntry.swift */; };
		E542140F2538AF8500CCC9C3 /* PreviewWidgetView.swift in Sources */ = {isa = PBXBuildFile; fileRef = E542140E2538AF8500CCC9C3 /* PreviewWidgetView.swift */; };
		E54214122538AFEC00CCC9C3 /* PreviewWidgetEntry.swift in Sources */ = {isa = PBXBuildFile; fileRef = E542140A2538AF7800CCC9C3 /* PreviewWidgetEntry.swift */; };
		E54214152538AFF000CCC9C3 /* PreviewWidgetView.swift in Sources */ = {isa = PBXBuildFile; fileRef = E542140E2538AF8500CCC9C3 /* PreviewWidgetView.swift */; };
		E542141A2538B58600CCC9C3 /* CoreDataWidget.swift in Sources */ = {isa = PBXBuildFile; fileRef = E54214192538B58600CCC9C3 /* CoreDataWidget.swift */; };
		E542141E2538B68200CCC9C3 /* CoreDataStack.swift in Sources */ = {isa = PBXBuildFile; fileRef = E542141D2538B68200CCC9C3 /* CoreDataStack.swift */; };
		E54214232538B76C00CCC9C3 /* DataModel.xcdatamodeld in Sources */ = {isa = PBXBuildFile; fileRef = E54214212538B76C00CCC9C3 /* DataModel.xcdatamodeld */; };
		E54214262538B77500CCC9C3 /* DataModel.xcdatamodeld in Sources */ = {isa = PBXBuildFile; fileRef = E54214212538B76C00CCC9C3 /* DataModel.xcdatamodeld */; };
		E54214292538B77900CCC9C3 /* CoreDataStack.swift in Sources */ = {isa = PBXBuildFile; fileRef = E542141D2538B68200CCC9C3 /* CoreDataStack.swift */; };
		E55497D32551C02E0066870B /* IntentHandler.swift in Sources */ = {isa = PBXBuildFile; fileRef = E55497D22551C02E0066870B /* IntentHandler.swift */; };
		E55497D72551C02E0066870B /* IntentHandler.appex in Embed App Extensions */ = {isa = PBXBuildFile; fileRef = E55497D02551C02E0066870B /* IntentHandler.appex */; settings = {ATTRIBUTES = (RemoveHeadersOnCopy, ); }; };
		E55497EC2551CA0B0066870B /* DynamicPersonSelection.intentdefinition in Sources */ = {isa = PBXBuildFile; fileRef = E55497EB2551CA0B0066870B /* DynamicPersonSelection.intentdefinition */; };
		E55497ED2551CA0B0066870B /* DynamicPersonSelection.intentdefinition in Sources */ = {isa = PBXBuildFile; fileRef = E55497EB2551CA0B0066870B /* DynamicPersonSelection.intentdefinition */; };
		E55497EE2551CA0B0066870B /* DynamicPersonSelection.intentdefinition in Sources */ = {isa = PBXBuildFile; fileRef = E55497EB2551CA0B0066870B /* DynamicPersonSelection.intentdefinition */; };
		E55497F82551CB5F0066870B /* DynamicIntentWidget.swift in Sources */ = {isa = PBXBuildFile; fileRef = E55497C8255180D90066870B /* DynamicIntentWidget.swift */; };
		E55498382551D2160066870B /* Contact.swift in Sources */ = {isa = PBXBuildFile; fileRef = E55498372551D2160066870B /* Contact.swift */; };
		E55498392551D2160066870B /* Contact.swift in Sources */ = {isa = PBXBuildFile; fileRef = E55498372551D2160066870B /* Contact.swift */; };
		E554983A2551D2160066870B /* Contact.swift in Sources */ = {isa = PBXBuildFile; fileRef = E55498372551D2160066870B /* Contact.swift */; };
		E554984A2551D8060066870B /* UserDefaults+Ext.swift in Sources */ = {isa = PBXBuildFile; fileRef = E54213D32538931900CCC9C3 /* UserDefaults+Ext.swift */; };
		E5549864255223EE0066870B /* BackgroundColorSelection.intentdefinition in Sources */ = {isa = PBXBuildFile; fileRef = E591C57825516810002044C8 /* BackgroundColorSelection.intentdefinition */; };
		E5549868255224050066870B /* BackgroundColorSelection.intentdefinition in Sources */ = {isa = PBXBuildFile; fileRef = E591C57825516810002044C8 /* BackgroundColorSelection.intentdefinition */; };
		E5638AEA265D859D00E73B05 /* Widget+Kind.swift in Sources */ = {isa = PBXBuildFile; fileRef = E5638AE9265D859D00E73B05 /* Widget+Kind.swift */; };
		E5638AEB265D859D00E73B05 /* Widget+Kind.swift in Sources */ = {isa = PBXBuildFile; fileRef = E5638AE9265D859D00E73B05 /* Widget+Kind.swift */; };
		E591C5722551666A002044C8 /* IntentWidget.swift in Sources */ = {isa = PBXBuildFile; fileRef = E591C5712551666A002044C8 /* IntentWidget.swift */; };
		E591C57925516810002044C8 /* BackgroundColorSelection.intentdefinition in Sources */ = {isa = PBXBuildFile; fileRef = E591C57825516810002044C8 /* BackgroundColorSelection.intentdefinition */; };
/* End PBXBuildFile section */

/* Begin PBXContainerItemProxy section */
		E542137925387A0600CCC9C3 /* PBXContainerItemProxy */ = {
			isa = PBXContainerItemProxy;
			containerPortal = E542134E253879B700CCC9C3 /* Project object */;
			proxyType = 1;
			remoteGlobalIDString = E542136C25387A0200CCC9C3;
			remoteInfo = WidgetExamplesWidgetExtension;
		};
		E55497D52551C02E0066870B /* PBXContainerItemProxy */ = {
			isa = PBXContainerItemProxy;
			containerPortal = E542134E253879B700CCC9C3 /* Project object */;
			proxyType = 1;
			remoteGlobalIDString = E55497CF2551C02E0066870B;
			remoteInfo = IntentHandler;
		};
/* End PBXContainerItemProxy section */

/* Begin PBXCopyFilesBuildPhase section */
		E542137F25387A0600CCC9C3 /* Embed App Extensions */ = {
			isa = PBXCopyFilesBuildPhase;
			buildActionMask = 2147483647;
			dstPath = "";
			dstSubfolderSpec = 13;
			files = (
				E542137B25387A0600CCC9C3 /* WidgetExtension.appex in Embed App Extensions */,
				E55497D72551C02E0066870B /* IntentHandler.appex in Embed App Extensions */,
			);
			name = "Embed App Extensions";
			runOnlyForDeploymentPostprocessing = 0;
		};
/* End PBXCopyFilesBuildPhase section */

/* Begin PBXFileReference section */
		E5421356253879B700CCC9C3 /* WidgetExamples.app */ = {isa = PBXFileReference; explicitFileType = wrapper.application; includeInIndex = 0; path = WidgetExamples.app; sourceTree = BUILT_PRODUCTS_DIR; };
		E5421359253879B700CCC9C3 /* App.swift */ = {isa = PBXFileReference; lastKnownFileType = sourcecode.swift; path = App.swift; sourceTree = "<group>"; };
		E542135B253879B700CCC9C3 /* ContentView.swift */ = {isa = PBXFileReference; lastKnownFileType = sourcecode.swift; path = ContentView.swift; sourceTree = "<group>"; };
		E542135D253879BB00CCC9C3 /* Assets.xcassets */ = {isa = PBXFileReference; lastKnownFileType = folder.assetcatalog; path = Assets.xcassets; sourceTree = "<group>"; };
		E5421362253879BB00CCC9C3 /* Info.plist */ = {isa = PBXFileReference; lastKnownFileType = text.plist.xml; path = Info.plist; sourceTree = "<group>"; };
		E542136D25387A0200CCC9C3 /* WidgetExtension.appex */ = {isa = PBXFileReference; explicitFileType = "wrapper.app-extension"; includeInIndex = 0; path = WidgetExtension.appex; sourceTree = BUILT_PRODUCTS_DIR; };
		E542136F25387A0200CCC9C3 /* WidgetKit.framework */ = {isa = PBXFileReference; lastKnownFileType = wrapper.framework; name = WidgetKit.framework; path = System/Library/Frameworks/WidgetKit.framework; sourceTree = SDKROOT; };
		E542137125387A0200CCC9C3 /* SwiftUI.framework */ = {isa = PBXFileReference; lastKnownFileType = wrapper.framework; name = SwiftUI.framework; path = System/Library/Frameworks/SwiftUI.framework; sourceTree = SDKROOT; };
		E542137425387A0300CCC9C3 /* WidgetBundle.swift */ = {isa = PBXFileReference; lastKnownFileType = sourcecode.swift; path = WidgetBundle.swift; sourceTree = "<group>"; };
		E542137625387A0600CCC9C3 /* Assets.xcassets */ = {isa = PBXFileReference; lastKnownFileType = folder.assetcatalog; path = Assets.xcassets; sourceTree = "<group>"; };
		E542137825387A0600CCC9C3 /* Info.plist */ = {isa = PBXFileReference; lastKnownFileType = text.plist.xml; path = Info.plist; sourceTree = "<group>"; };
		E542138225387A2400CCC9C3 /* ClockWidget.swift */ = {isa = PBXFileReference; lastKnownFileType = sourcecode.swift; path = ClockWidget.swift; sourceTree = "<group>"; };
		E542139D253880EE00CCC9C3 /* CountdownWidget.swift */ = {isa = PBXFileReference; lastKnownFileType = sourcecode.swift; path = CountdownWidget.swift; sourceTree = "<group>"; };
		E54213A92538829A00CCC9C3 /* TimerWidget.swift */ = {isa = PBXFileReference; lastKnownFileType = sourcecode.swift; path = TimerWidget.swift; sourceTree = "<group>"; };
		E54213B0253884D200CCC9C3 /* NetworkWidget.swift */ = {isa = PBXFileReference; lastKnownFileType = sourcecode.swift; path = NetworkWidget.swift; sourceTree = "<group>"; };
		E54213B42538857F00CCC9C3 /* WebRepository.swift */ = {isa = PBXFileReference; lastKnownFileType = sourcecode.swift; path = WebRepository.swift; sourceTree = "<group>"; };
		E54213BA2538864E00CCC9C3 /* CurrencyWebRepository.swift */ = {isa = PBXFileReference; lastKnownFileType = sourcecode.swift; path = CurrencyWebRepository.swift; sourceTree = "<group>"; };
		E54213BF253890DB00CCC9C3 /* EnvironmentWidget.swift */ = {isa = PBXFileReference; lastKnownFileType = sourcecode.swift; path = EnvironmentWidget.swift; sourceTree = "<group>"; };
		E54213C8253891F300CCC9C3 /* AppGroupWidget.swift */ = {isa = PBXFileReference; lastKnownFileType = sourcecode.swift; path = AppGroupWidget.swift; sourceTree = "<group>"; };
		E54213CE2538928F00CCC9C3 /* App.entitlements */ = {isa = PBXFileReference; lastKnownFileType = text.plist.entitlements; path = App.entitlements; sourceTree = "<group>"; };
		E54213CF253892AB00CCC9C3 /* WidgetExtension.entitlements */ = {isa = PBXFileReference; lastKnownFileType = text.plist.entitlements; path = WidgetExtension.entitlements; sourceTree = "<group>"; };
		E54213D32538931900CCC9C3 /* UserDefaults+Ext.swift */ = {isa = PBXFileReference; lastKnownFileType = sourcecode.swift; path = "UserDefaults+Ext.swift"; sourceTree = "<group>"; };
		E54213DC2538979B00CCC9C3 /* FileManager+Ext.swift */ = {isa = PBXFileReference; lastKnownFileType = sourcecode.swift; path = "FileManager+Ext.swift"; sourceTree = "<group>"; };
		E54213E62538A0C700CCC9C3 /* URLImageWidget.swift */ = {isa = PBXFileReference; lastKnownFileType = sourcecode.swift; path = URLImageWidget.swift; sourceTree = "<group>"; };
		E54213EA2538A14800CCC9C3 /* URLImageView.swift */ = {isa = PBXFileReference; lastKnownFileType = sourcecode.swift; path = URLImageView.swift; sourceTree = "<group>"; };
		E54213F52538A9B600CCC9C3 /* DeepLinkWidget.swift */ = {isa = PBXFileReference; lastKnownFileType = sourcecode.swift; path = DeepLinkWidget.swift; sourceTree = "<group>"; };
		E54214022538AF2000CCC9C3 /* PreviewWidget.swift */ = {isa = PBXFileReference; lastKnownFileType = sourcecode.swift; path = PreviewWidget.swift; sourceTree = "<group>"; };
		E542140A2538AF7800CCC9C3 /* PreviewWidgetEntry.swift */ = {isa = PBXFileReference; lastKnownFileType = sourcecode.swift; path = PreviewWidgetEntry.swift; sourceTree = "<group>"; };
		E542140E2538AF8500CCC9C3 /* PreviewWidgetView.swift */ = {isa = PBXFileReference; lastKnownFileType = sourcecode.swift; path = PreviewWidgetView.swift; sourceTree = "<group>"; };
		E54214192538B58600CCC9C3 /* CoreDataWidget.swift */ = {isa = PBXFileReference; lastKnownFileType = sourcecode.swift; path = CoreDataWidget.swift; sourceTree = "<group>"; };
		E542141D2538B68200CCC9C3 /* CoreDataStack.swift */ = {isa = PBXFileReference; lastKnownFileType = sourcecode.swift; path = CoreDataStack.swift; sourceTree = "<group>"; };
		E54214222538B76C00CCC9C3 /* DataModel.xcdatamodel */ = {isa = PBXFileReference; lastKnownFileType = wrapper.xcdatamodel; path = DataModel.xcdatamodel; sourceTree = "<group>"; };
		E55497C8255180D90066870B /* DynamicIntentWidget.swift */ = {isa = PBXFileReference; lastKnownFileType = sourcecode.swift; path = DynamicIntentWidget.swift; sourceTree = "<group>"; };
		E55497D02551C02E0066870B /* IntentHandler.appex */ = {isa = PBXFileReference; explicitFileType = "wrapper.app-extension"; includeInIndex = 0; path = IntentHandler.appex; sourceTree = BUILT_PRODUCTS_DIR; };
		E55497D22551C02E0066870B /* IntentHandler.swift */ = {isa = PBXFileReference; lastKnownFileType = sourcecode.swift; path = IntentHandler.swift; sourceTree = "<group>"; };
		E55497D42551C02E0066870B /* Info.plist */ = {isa = PBXFileReference; lastKnownFileType = text.plist.xml; path = Info.plist; sourceTree = "<group>"; };
		E55497EB2551CA0B0066870B /* DynamicPersonSelection.intentdefinition */ = {isa = PBXFileReference; lastKnownFileType = file.intentdefinition; path = DynamicPersonSelection.intentdefinition; sourceTree = "<group>"; };
		E55498372551D2160066870B /* Contact.swift */ = {isa = PBXFileReference; lastKnownFileType = sourcecode.swift; path = Contact.swift; sourceTree = "<group>"; };
		E554985A25521B8D0066870B /* IntentHandler.entitlements */ = {isa = PBXFileReference; lastKnownFileType = text.plist.entitlements; path = IntentHandler.entitlements; sourceTree = "<group>"; };
		E5638AE9265D859D00E73B05 /* Widget+Kind.swift */ = {isa = PBXFileReference; lastKnownFileType = sourcecode.swift; path = "Widget+Kind.swift"; sourceTree = "<group>"; };
		E591C5712551666A002044C8 /* IntentWidget.swift */ = {isa = PBXFileReference; lastKnownFileType = sourcecode.swift; path = IntentWidget.swift; sourceTree = "<group>"; };
		E591C57825516810002044C8 /* BackgroundColorSelection.intentdefinition */ = {isa = PBXFileReference; lastKnownFileType = file.intentdefinition; path = BackgroundColorSelection.intentdefinition; sourceTree = "<group>"; };
/* End PBXFileReference section */

/* Begin PBXFrameworksBuildPhase section */
		E5421353253879B700CCC9C3 /* Frameworks */ = {
			isa = PBXFrameworksBuildPhase;
			buildActionMask = 2147483647;
			files = (
			);
			runOnlyForDeploymentPostprocessing = 0;
		};
		E542136A25387A0200CCC9C3 /* Frameworks */ = {
			isa = PBXFrameworksBuildPhase;
			buildActionMask = 2147483647;
			files = (
				E542137225387A0300CCC9C3 /* SwiftUI.framework in Frameworks */,
				E542137025387A0200CCC9C3 /* WidgetKit.framework in Frameworks */,
			);
			runOnlyForDeploymentPostprocessing = 0;
		};
		E55497CD2551C02E0066870B /* Frameworks */ = {
			isa = PBXFrameworksBuildPhase;
			buildActionMask = 2147483647;
			files = (
			);
			runOnlyForDeploymentPostprocessing = 0;
		};
/* End PBXFrameworksBuildPhase section */

/* Begin PBXGroup section */
		E542134D253879B700CCC9C3 = {
			isa = PBXGroup;
			children = (
				E5421358253879B700CCC9C3 /* App */,
				E542137325387A0300CCC9C3 /* WidgetExtension */,
				E55497D12551C02E0066870B /* IntentHandler */,
				E54213D22538930900CCC9C3 /* Shared */,
				E542136E25387A0200CCC9C3 /* Frameworks */,
				E5421357253879B700CCC9C3 /* Products */,
			);
			sourceTree = "<group>";
		};
		E5421357253879B700CCC9C3 /* Products */ = {
			isa = PBXGroup;
			children = (
				E5421356253879B700CCC9C3 /* WidgetExamples.app */,
				E542136D25387A0200CCC9C3 /* WidgetExtension.appex */,
				E55497D02551C02E0066870B /* IntentHandler.appex */,
			);
			name = Products;
			sourceTree = "<group>";
		};
		E5421358253879B700CCC9C3 /* App */ = {
			isa = PBXGroup;
			children = (
				E5421359253879B700CCC9C3 /* App.swift */,
				E542135B253879B700CCC9C3 /* ContentView.swift */,
				E542138825387AB600CCC9C3 /* Resources */,
				E554989C2552BE150066870B /* Supporting Files */,
			);
			path = App;
			sourceTree = "<group>";
		};
		E542136E25387A0200CCC9C3 /* Frameworks */ = {
			isa = PBXGroup;
			children = (
				E542136F25387A0200CCC9C3 /* WidgetKit.framework */,
				E542137125387A0200CCC9C3 /* SwiftUI.framework */,
			);
			name = Frameworks;
			sourceTree = "<group>";
		};
		E542137325387A0300CCC9C3 /* WidgetExtension */ = {
			isa = PBXGroup;
			children = (
				E542137425387A0300CCC9C3 /* WidgetBundle.swift */,
				E54213C7253891CB00CCC9C3 /* AppGroupWidget */,
				E542139725387ECE00CCC9C3 /* ClockWidget */,
				E54214182538B57400CCC9C3 /* CoreDataWidget */,
				E542139A2538806F00CCC9C3 /* CountdownWidget */,
				E54213F42538A9A300CCC9C3 /* DeepLinkWidget */,
				E55497C7255180B40066870B /* DynamicIntentWidget */,
				E54213BE253890CD00CCC9C3 /* EnvironmentWidget */,
				E591C5752551666F002044C8 /* IntentWidget */,
				E54213AF253884C300CCC9C3 /* NetworkWidget */,
				E54214012538AF1100CCC9C3 /* PreviewWidget */,
				E54213A82538827100CCC9C3 /* TimerWidget */,
				E54213E52538A0B500CCC9C3 /* URLImageWidget */,
				E542138D25387AED00CCC9C3 /* Resources */,
				E55498AF2552C0B30066870B /* Supporting Files */,
			);
			path = WidgetExtension;
			sourceTree = "<group>";
		};
		E542138825387AB600CCC9C3 /* Resources */ = {
			isa = PBXGroup;
			children = (
				E542135D253879BB00CCC9C3 /* Assets.xcassets */,
			);
			path = Resources;
			sourceTree = "<group>";
		};
		E542138D25387AED00CCC9C3 /* Resources */ = {
			isa = PBXGroup;
			children = (
				E542137625387A0600CCC9C3 /* Assets.xcassets */,
			);
			path = Resources;
			sourceTree = "<group>";
		};
		E542139725387ECE00CCC9C3 /* ClockWidget */ = {
			isa = PBXGroup;
			children = (
				E542138225387A2400CCC9C3 /* ClockWidget.swift */,
			);
			path = ClockWidget;
			sourceTree = "<group>";
		};
		E542139A2538806F00CCC9C3 /* CountdownWidget */ = {
			isa = PBXGroup;
			children = (
				E542139D253880EE00CCC9C3 /* CountdownWidget.swift */,
			);
			path = CountdownWidget;
			sourceTree = "<group>";
		};
		E54213A82538827100CCC9C3 /* TimerWidget */ = {
			isa = PBXGroup;
			children = (
				E54213A92538829A00CCC9C3 /* TimerWidget.swift */,
			);
			path = TimerWidget;
			sourceTree = "<group>";
		};
		E54213AF253884C300CCC9C3 /* NetworkWidget */ = {
			isa = PBXGroup;
			children = (
				E54213B0253884D200CCC9C3 /* NetworkWidget.swift */,
				E54213B42538857F00CCC9C3 /* WebRepository.swift */,
				E54213BA2538864E00CCC9C3 /* CurrencyWebRepository.swift */,
			);
			path = NetworkWidget;
			sourceTree = "<group>";
		};
		E54213BE253890CD00CCC9C3 /* EnvironmentWidget */ = {
			isa = PBXGroup;
			children = (
				E54213BF253890DB00CCC9C3 /* EnvironmentWidget.swift */,
			);
			path = EnvironmentWidget;
			sourceTree = "<group>";
		};
		E54213C7253891CB00CCC9C3 /* AppGroupWidget */ = {
			isa = PBXGroup;
			children = (
				E54213C8253891F300CCC9C3 /* AppGroupWidget.swift */,
			);
			path = AppGroupWidget;
			sourceTree = "<group>";
		};
		E54213D22538930900CCC9C3 /* Shared */ = {
			isa = PBXGroup;
			children = (
				E54C257B2538D02C000FFA46 /* CoreData */,
				E55498362551D1F40066870B /* Models */,
				E54213DC2538979B00CCC9C3 /* FileManager+Ext.swift */,
				E54213D32538931900CCC9C3 /* UserDefaults+Ext.swift */,
				E5638AE9265D859D00E73B05 /* Widget+Kind.swift */,
			);
			path = Shared;
			sourceTree = "<group>";
		};
		E54213E52538A0B500CCC9C3 /* URLImageWidget */ = {
			isa = PBXGroup;
			children = (
				E54213E62538A0C700CCC9C3 /* URLImageWidget.swift */,
				E54213EA2538A14800CCC9C3 /* URLImageView.swift */,
			);
			path = URLImageWidget;
			sourceTree = "<group>";
		};
		E54213F42538A9A300CCC9C3 /* DeepLinkWidget */ = {
			isa = PBXGroup;
			children = (
				E54213F52538A9B600CCC9C3 /* DeepLinkWidget.swift */,
			);
			path = DeepLinkWidget;
			sourceTree = "<group>";
		};
		E54214012538AF1100CCC9C3 /* PreviewWidget */ = {
			isa = PBXGroup;
			children = (
				E54214022538AF2000CCC9C3 /* PreviewWidget.swift */,
				E542140A2538AF7800CCC9C3 /* PreviewWidgetEntry.swift */,
				E542140E2538AF8500CCC9C3 /* PreviewWidgetView.swift */,
			);
			path = PreviewWidget;
			sourceTree = "<group>";
		};
		E54214182538B57400CCC9C3 /* CoreDataWidget */ = {
			isa = PBXGroup;
			children = (
				E54214192538B58600CCC9C3 /* CoreDataWidget.swift */,
			);
			path = CoreDataWidget;
			sourceTree = "<group>";
		};
		E54C257B2538D02C000FFA46 /* CoreData */ = {
			isa = PBXGroup;
			children = (
				E542141D2538B68200CCC9C3 /* CoreDataStack.swift */,
				E54214212538B76C00CCC9C3 /* DataModel.xcdatamodeld */,
			);
			path = CoreData;
			sourceTree = "<group>";
		};
		E55497C7255180B40066870B /* DynamicIntentWidget */ = {
			isa = PBXGroup;
			children = (
				E55497C8255180D90066870B /* DynamicIntentWidget.swift */,
				E55497EB2551CA0B0066870B /* DynamicPersonSelection.intentdefinition */,
			);
			path = DynamicIntentWidget;
			sourceTree = "<group>";
		};
		E55497D12551C02E0066870B /* IntentHandler */ = {
			isa = PBXGroup;
			children = (
				E55497D22551C02E0066870B /* IntentHandler.swift */,
				E55498B92553339F0066870B /* Supporting Files */,
			);
			path = IntentHandler;
			sourceTree = "<group>";
		};
		E55498362551D1F40066870B /* Models */ = {
			isa = PBXGroup;
			children = (
				E55498372551D2160066870B /* Contact.swift */,
			);
			path = Models;
			sourceTree = "<group>";
		};
		E554989C2552BE150066870B /* Supporting Files */ = {
			isa = PBXGroup;
			children = (
				E54213CE2538928F00CCC9C3 /* App.entitlements */,
				E5421362253879BB00CCC9C3 /* Info.plist */,
			);
			path = "Supporting Files";
			sourceTree = "<group>";
		};
		E55498AF2552C0B30066870B /* Supporting Files */ = {
			isa = PBXGroup;
			children = (
				E542137825387A0600CCC9C3 /* Info.plist */,
				E54213CF253892AB00CCC9C3 /* WidgetExtension.entitlements */,
			);
			path = "Supporting Files";
			sourceTree = "<group>";
		};
		E55498B92553339F0066870B /* Supporting Files */ = {
			isa = PBXGroup;
			children = (
				E55497D42551C02E0066870B /* Info.plist */,
				E554985A25521B8D0066870B /* IntentHandler.entitlements */,
			);
			path = "Supporting Files";
			sourceTree = "<group>";
		};
		E591C5752551666F002044C8 /* IntentWidget */ = {
			isa = PBXGroup;
			children = (
				E591C5712551666A002044C8 /* IntentWidget.swift */,
				E591C57825516810002044C8 /* BackgroundColorSelection.intentdefinition */,
			);
			path = IntentWidget;
			sourceTree = "<group>";
		};
/* End PBXGroup section */

/* Begin PBXNativeTarget section */
		E5421355253879B700CCC9C3 /* WidgetExamples */ = {
			isa = PBXNativeTarget;
			buildConfigurationList = E5421365253879BB00CCC9C3 /* Build configuration list for PBXNativeTarget "WidgetExamples" */;
			buildPhases = (
				E5421352253879B700CCC9C3 /* Sources */,
				E5421353253879B700CCC9C3 /* Frameworks */,
				E5421354253879B700CCC9C3 /* Resources */,
				E542137F25387A0600CCC9C3 /* Embed App Extensions */,
			);
			buildRules = (
			);
			dependencies = (
				E542137A25387A0600CCC9C3 /* PBXTargetDependency */,
				E55497D62551C02E0066870B /* PBXTargetDependency */,
			);
			name = WidgetExamples;
			productName = WidgetExamples;
			productReference = E5421356253879B700CCC9C3 /* WidgetExamples.app */;
			productType = "com.apple.product-type.application";
		};
		E542136C25387A0200CCC9C3 /* WidgetExtension */ = {
			isa = PBXNativeTarget;
			buildConfigurationList = E542137C25387A0600CCC9C3 /* Build configuration list for PBXNativeTarget "WidgetExtension" */;
			buildPhases = (
				E542136925387A0200CCC9C3 /* Sources */,
				E542136A25387A0200CCC9C3 /* Frameworks */,
				E542136B25387A0200CCC9C3 /* Resources */,
			);
			buildRules = (
			);
			dependencies = (
			);
			name = WidgetExtension;
			productName = WidgetExamplesWidgetExtension;
			productReference = E542136D25387A0200CCC9C3 /* WidgetExtension.appex */;
			productType = "com.apple.product-type.app-extension";
		};
		E55497CF2551C02E0066870B /* IntentHandler */ = {
			isa = PBXNativeTarget;
			buildConfigurationList = E55497D82551C02E0066870B /* Build configuration list for PBXNativeTarget "IntentHandler" */;
			buildPhases = (
				E55497CC2551C02E0066870B /* Sources */,
				E55497CD2551C02E0066870B /* Frameworks */,
				E55497CE2551C02E0066870B /* Resources */,
			);
			buildRules = (
			);
			dependencies = (
			);
			name = IntentHandler;
			productName = IntentHandler;
			productReference = E55497D02551C02E0066870B /* IntentHandler.appex */;
			productType = "com.apple.product-type.app-extension";
		};
/* End PBXNativeTarget section */

/* Begin PBXProject section */
		E542134E253879B700CCC9C3 /* Project object */ = {
			isa = PBXProject;
			attributes = {
				LastSwiftUpdateCheck = 1210;
				LastUpgradeCheck = 1200;
				ORGANIZATIONNAME = "Pawel Wiszenko";
				TargetAttributes = {
					E5421355253879B700CCC9C3 = {
						CreatedOnToolsVersion = 12.0.1;
					};
					E542136C25387A0200CCC9C3 = {
						CreatedOnToolsVersion = 12.0.1;
					};
					E55497CF2551C02E0066870B = {
						CreatedOnToolsVersion = 12.1;
					};
				};
			};
			buildConfigurationList = E5421351253879B700CCC9C3 /* Build configuration list for PBXProject "WidgetExamples" */;
			compatibilityVersion = "Xcode 9.3";
			developmentRegion = en;
			hasScannedForEncodings = 0;
			knownRegions = (
				en,
				Base,
			);
			mainGroup = E542134D253879B700CCC9C3;
			productRefGroup = E5421357253879B700CCC9C3 /* Products */;
			projectDirPath = "";
			projectRoot = "";
			targets = (
				E5421355253879B700CCC9C3 /* WidgetExamples */,
				E542136C25387A0200CCC9C3 /* WidgetExtension */,
				E55497CF2551C02E0066870B /* IntentHandler */,
			);
		};
/* End PBXProject section */

/* Begin PBXResourcesBuildPhase section */
		E5421354253879B700CCC9C3 /* Resources */ = {
			isa = PBXResourcesBuildPhase;
			buildActionMask = 2147483647;
			files = (
				E542135E253879BB00CCC9C3 /* Assets.xcassets in Resources */,
			);
			runOnlyForDeploymentPostprocessing = 0;
		};
		E542136B25387A0200CCC9C3 /* Resources */ = {
			isa = PBXResourcesBuildPhase;
			buildActionMask = 2147483647;
			files = (
				E542137725387A0600CCC9C3 /* Assets.xcassets in Resources */,
			);
			runOnlyForDeploymentPostprocessing = 0;
		};
		E55497CE2551C02E0066870B /* Resources */ = {
			isa = PBXResourcesBuildPhase;
			buildActionMask = 2147483647;
			files = (
			);
			runOnlyForDeploymentPostprocessing = 0;
		};
/* End PBXResourcesBuildPhase section */

/* Begin PBXSourcesBuildPhase section */
		E5421352253879B700CCC9C3 /* Sources */ = {
			isa = PBXSourcesBuildPhase;
			buildActionMask = 2147483647;
			files = (
				E542135C253879B700CCC9C3 /* ContentView.swift in Sources */,
				E5638AEA265D859D00E73B05 /* Widget+Kind.swift in Sources */,
				E5549864255223EE0066870B /* BackgroundColorSelection.intentdefinition in Sources */,
				E542135A253879B700CCC9C3 /* App.swift in Sources */,
				E54213D92538932300CCC9C3 /* UserDefaults+Ext.swift in Sources */,
				E55497EC2551CA0B0066870B /* DynamicPersonSelection.intentdefinition in Sources */,
				E55498382551D2160066870B /* Contact.swift in Sources */,
				E54214262538B77500CCC9C3 /* DataModel.xcdatamodeld in Sources */,
				E54214152538AFF000CCC9C3 /* PreviewWidgetView.swift in Sources */,
				E54214122538AFEC00CCC9C3 /* PreviewWidgetEntry.swift in Sources */,
				E54213E2253898DA00CCC9C3 /* FileManager+Ext.swift in Sources */,
				E54214292538B77900CCC9C3 /* CoreDataStack.swift in Sources */,
			);
			runOnlyForDeploymentPostprocessing = 0;
		};
		E542136925387A0200CCC9C3 /* Sources */ = {
			isa = PBXSourcesBuildPhase;
			buildActionMask = 2147483647;
			files = (
				E55498392551D2160066870B /* Contact.swift in Sources */,
				E54213EB2538A14800CCC9C3 /* URLImageView.swift in Sources */,
				E54214232538B76C00CCC9C3 /* DataModel.xcdatamodeld in Sources */,
				E54213F62538A9B600CCC9C3 /* DeepLinkWidget.swift in Sources */,
				E54213B52538857F00CCC9C3 /* WebRepository.swift in Sources */,
				E542140F2538AF8500CCC9C3 /* PreviewWidgetView.swift in Sources */,
				E54213BB2538864E00CCC9C3 /* CurrencyWebRepository.swift in Sources */,
				E54214032538AF2000CCC9C3 /* PreviewWidget.swift in Sources */,
				E542139225387BEA00CCC9C3 /* ClockWidget.swift in Sources */,
				E54213C0253890DB00CCC9C3 /* EnvironmentWidget.swift in Sources */,
				E542141E2538B68200CCC9C3 /* CoreDataStack.swift in Sources */,
				E591C5722551666A002044C8 /* IntentWidget.swift in Sources */,
				E54213B1253884D200CCC9C3 /* NetworkWidget.swift in Sources */,
				E54213AA2538829A00CCC9C3 /* TimerWidget.swift in Sources */,
				E542141A2538B58600CCC9C3 /* CoreDataWidget.swift in Sources */,
				E5638AEB265D859D00E73B05 /* Widget+Kind.swift in Sources */,
				E591C57925516810002044C8 /* BackgroundColorSelection.intentdefinition in Sources */,
				E54213A3253881B200CCC9C3 /* CountdownWidget.swift in Sources */,
				E54213DD2538979B00CCC9C3 /* FileManager+Ext.swift in Sources */,
				E542140B2538AF7800CCC9C3 /* PreviewWidgetEntry.swift in Sources */,
				E542137525387A0300CCC9C3 /* WidgetBundle.swift in Sources */,
				E54213D42538931900CCC9C3 /* UserDefaults+Ext.swift in Sources */,
				E54213E72538A0C700CCC9C3 /* URLImageWidget.swift in Sources */,
				E54213C9253891F300CCC9C3 /* AppGroupWidget.swift in Sources */,
				E55497ED2551CA0B0066870B /* DynamicPersonSelection.intentdefinition in Sources */,
				E55497F82551CB5F0066870B /* DynamicIntentWidget.swift in Sources */,
			);
			runOnlyForDeploymentPostprocessing = 0;
		};
		E55497CC2551C02E0066870B /* Sources */ = {
			isa = PBXSourcesBuildPhase;
			buildActionMask = 2147483647;
			files = (
				E554984A2551D8060066870B /* UserDefaults+Ext.swift in Sources */,
				E5549868255224050066870B /* BackgroundColorSelection.intentdefinition in Sources */,
				E554983A2551D2160066870B /* Contact.swift in Sources */,
				E55497EE2551CA0B0066870B /* DynamicPersonSelection.intentdefinition in Sources */,
				E55497D32551C02E0066870B /* IntentHandler.swift in Sources */,
			);
			runOnlyForDeploymentPostprocessing = 0;
		};
/* End PBXSourcesBuildPhase section */

/* Begin PBXTargetDependency section */
		E542137A25387A0600CCC9C3 /* PBXTargetDependency */ = {
			isa = PBXTargetDependency;
			target = E542136C25387A0200CCC9C3 /* WidgetExtension */;
			targetProxy = E542137925387A0600CCC9C3 /* PBXContainerItemProxy */;
		};
		E55497D62551C02E0066870B /* PBXTargetDependency */ = {
			isa = PBXTargetDependency;
			target = E55497CF2551C02E0066870B /* IntentHandler */;
			targetProxy = E55497D52551C02E0066870B /* PBXContainerItemProxy */;
		};
/* End PBXTargetDependency section */

/* Begin XCBuildConfiguration section */
		E5421363253879BB00CCC9C3 /* Debug */ = {
			isa = XCBuildConfiguration;
			buildSettings = {
				ALWAYS_SEARCH_USER_PATHS = NO;
				CLANG_ANALYZER_NONNULL = YES;
				CLANG_ANALYZER_NUMBER_OBJECT_CONVERSION = YES_AGGRESSIVE;
				CLANG_CXX_LANGUAGE_STANDARD = "gnu++14";
				CLANG_CXX_LIBRARY = "libc++";
				CLANG_ENABLE_MODULES = YES;
				CLANG_ENABLE_OBJC_ARC = YES;
				CLANG_ENABLE_OBJC_WEAK = YES;
				CLANG_WARN_BLOCK_CAPTURE_AUTORELEASING = YES;
				CLANG_WARN_BOOL_CONVERSION = YES;
				CLANG_WARN_COMMA = YES;
				CLANG_WARN_CONSTANT_CONVERSION = YES;
				CLANG_WARN_DEPRECATED_OBJC_IMPLEMENTATIONS = YES;
				CLANG_WARN_DIRECT_OBJC_ISA_USAGE = YES_ERROR;
				CLANG_WARN_DOCUMENTATION_COMMENTS = YES;
				CLANG_WARN_EMPTY_BODY = YES;
				CLANG_WARN_ENUM_CONVERSION = YES;
				CLANG_WARN_INFINITE_RECURSION = YES;
				CLANG_WARN_INT_CONVERSION = YES;
				CLANG_WARN_NON_LITERAL_NULL_CONVERSION = YES;
				CLANG_WARN_OBJC_IMPLICIT_RETAIN_SELF = YES;
				CLANG_WARN_OBJC_LITERAL_CONVERSION = YES;
				CLANG_WARN_OBJC_ROOT_CLASS = YES_ERROR;
				CLANG_WARN_QUOTED_INCLUDE_IN_FRAMEWORK_HEADER = YES;
				CLANG_WARN_RANGE_LOOP_ANALYSIS = YES;
				CLANG_WARN_STRICT_PROTOTYPES = YES;
				CLANG_WARN_SUSPICIOUS_MOVE = YES;
				CLANG_WARN_UNGUARDED_AVAILABILITY = YES_AGGRESSIVE;
				CLANG_WARN_UNREACHABLE_CODE = YES;
				CLANG_WARN__DUPLICATE_METHOD_MATCH = YES;
				COPY_PHASE_STRIP = NO;
				DEBUG_INFORMATION_FORMAT = dwarf;
				ENABLE_STRICT_OBJC_MSGSEND = YES;
				ENABLE_TESTABILITY = YES;
				GCC_C_LANGUAGE_STANDARD = gnu11;
				GCC_DYNAMIC_NO_PIC = NO;
				GCC_NO_COMMON_BLOCKS = YES;
				GCC_OPTIMIZATION_LEVEL = 0;
				GCC_PREPROCESSOR_DEFINITIONS = (
					"DEBUG=1",
					"$(inherited)",
				);
				GCC_WARN_64_TO_32_BIT_CONVERSION = YES;
				GCC_WARN_ABOUT_RETURN_TYPE = YES_ERROR;
				GCC_WARN_UNDECLARED_SELECTOR = YES;
				GCC_WARN_UNINITIALIZED_AUTOS = YES_AGGRESSIVE;
				GCC_WARN_UNUSED_FUNCTION = YES;
				GCC_WARN_UNUSED_VARIABLE = YES;
				IPHONEOS_DEPLOYMENT_TARGET = 14.0;
				MTL_ENABLE_DEBUG_INFO = INCLUDE_SOURCE;
				MTL_FAST_MATH = YES;
				ONLY_ACTIVE_ARCH = YES;
				SDKROOT = iphoneos;
				SWIFT_ACTIVE_COMPILATION_CONDITIONS = DEBUG;
				SWIFT_OPTIMIZATION_LEVEL = "-Onone";
			};
			name = Debug;
		};
		E5421364253879BB00CCC9C3 /* Release */ = {
			isa = XCBuildConfiguration;
			buildSettings = {
				ALWAYS_SEARCH_USER_PATHS = NO;
				CLANG_ANALYZER_NONNULL = YES;
				CLANG_ANALYZER_NUMBER_OBJECT_CONVERSION = YES_AGGRESSIVE;
				CLANG_CXX_LANGUAGE_STANDARD = "gnu++14";
				CLANG_CXX_LIBRARY = "libc++";
				CLANG_ENABLE_MODULES = YES;
				CLANG_ENABLE_OBJC_ARC = YES;
				CLANG_ENABLE_OBJC_WEAK = YES;
				CLANG_WARN_BLOCK_CAPTURE_AUTORELEASING = YES;
				CLANG_WARN_BOOL_CONVERSION = YES;
				CLANG_WARN_COMMA = YES;
				CLANG_WARN_CONSTANT_CONVERSION = YES;
				CLANG_WARN_DEPRECATED_OBJC_IMPLEMENTATIONS = YES;
				CLANG_WARN_DIRECT_OBJC_ISA_USAGE = YES_ERROR;
				CLANG_WARN_DOCUMENTATION_COMMENTS = YES;
				CLANG_WARN_EMPTY_BODY = YES;
				CLANG_WARN_ENUM_CONVERSION = YES;
				CLANG_WARN_INFINITE_RECURSION = YES;
				CLANG_WARN_INT_CONVERSION = YES;
				CLANG_WARN_NON_LITERAL_NULL_CONVERSION = YES;
				CLANG_WARN_OBJC_IMPLICIT_RETAIN_SELF = YES;
				CLANG_WARN_OBJC_LITERAL_CONVERSION = YES;
				CLANG_WARN_OBJC_ROOT_CLASS = YES_ERROR;
				CLANG_WARN_QUOTED_INCLUDE_IN_FRAMEWORK_HEADER = YES;
				CLANG_WARN_RANGE_LOOP_ANALYSIS = YES;
				CLANG_WARN_STRICT_PROTOTYPES = YES;
				CLANG_WARN_SUSPICIOUS_MOVE = YES;
				CLANG_WARN_UNGUARDED_AVAILABILITY = YES_AGGRESSIVE;
				CLANG_WARN_UNREACHABLE_CODE = YES;
				CLANG_WARN__DUPLICATE_METHOD_MATCH = YES;
				COPY_PHASE_STRIP = NO;
				DEBUG_INFORMATION_FORMAT = "dwarf-with-dsym";
				ENABLE_NS_ASSERTIONS = NO;
				ENABLE_STRICT_OBJC_MSGSEND = YES;
				GCC_C_LANGUAGE_STANDARD = gnu11;
				GCC_NO_COMMON_BLOCKS = YES;
				GCC_WARN_64_TO_32_BIT_CONVERSION = YES;
				GCC_WARN_ABOUT_RETURN_TYPE = YES_ERROR;
				GCC_WARN_UNDECLARED_SELECTOR = YES;
				GCC_WARN_UNINITIALIZED_AUTOS = YES_AGGRESSIVE;
				GCC_WARN_UNUSED_FUNCTION = YES;
				GCC_WARN_UNUSED_VARIABLE = YES;
				IPHONEOS_DEPLOYMENT_TARGET = 14.0;
				MTL_ENABLE_DEBUG_INFO = NO;
				MTL_FAST_MATH = YES;
				SDKROOT = iphoneos;
				SWIFT_COMPILATION_MODE = wholemodule;
				SWIFT_OPTIMIZATION_LEVEL = "-O";
				VALIDATE_PRODUCT = YES;
			};
			name = Release;
		};
		E5421366253879BB00CCC9C3 /* Debug */ = {
			isa = XCBuildConfiguration;
			buildSettings = {
				ALWAYS_EMBED_SWIFT_STANDARD_LIBRARIES = YES;
				ASSETCATALOG_COMPILER_APPICON_NAME = AppIcon;
				ASSETCATALOG_COMPILER_GLOBAL_ACCENT_COLOR_NAME = AccentColor;
				CODE_SIGN_ENTITLEMENTS = "App/Supporting Files/App.entitlements";
				CODE_SIGN_STYLE = Automatic;
				DEVELOPMENT_ASSET_PATHS = "";
				DEVELOPMENT_TEAM = DMCVYHA293;
				ENABLE_PREVIEWS = YES;
				INFOPLIST_FILE = "App/Supporting Files/Info.plist";
				IPHONEOS_DEPLOYMENT_TARGET = 14.0;
				LD_RUNPATH_SEARCH_PATHS = (
					"$(inherited)",
					"@executable_path/Frameworks",
				);
				PRODUCT_BUNDLE_IDENTIFIER = com.pawelwiszenko.WidgetExamples;
				PRODUCT_NAME = "$(TARGET_NAME)";
				SWIFT_VERSION = 5.0;
				TARGETED_DEVICE_FAMILY = "1,2";
			};
			name = Debug;
		};
		E5421367253879BB00CCC9C3 /* Release */ = {
			isa = XCBuildConfiguration;
			buildSettings = {
				ALWAYS_EMBED_SWIFT_STANDARD_LIBRARIES = YES;
				ASSETCATALOG_COMPILER_APPICON_NAME = AppIcon;
				ASSETCATALOG_COMPILER_GLOBAL_ACCENT_COLOR_NAME = AccentColor;
				CODE_SIGN_ENTITLEMENTS = "App/Supporting Files/App.entitlements";
				CODE_SIGN_STYLE = Automatic;
				DEVELOPMENT_ASSET_PATHS = "";
				DEVELOPMENT_TEAM = DMCVYHA293;
				ENABLE_PREVIEWS = YES;
				INFOPLIST_FILE = "App/Supporting Files/Info.plist";
				IPHONEOS_DEPLOYMENT_TARGET = 14.0;
				LD_RUNPATH_SEARCH_PATHS = (
					"$(inherited)",
					"@executable_path/Frameworks",
				);
				PRODUCT_BUNDLE_IDENTIFIER = com.pawelwiszenko.WidgetExamples;
				PRODUCT_NAME = "$(TARGET_NAME)";
				SWIFT_VERSION = 5.0;
				TARGETED_DEVICE_FAMILY = "1,2";
			};
			name = Release;
		};
		E542137D25387A0600CCC9C3 /* Debug */ = {
			isa = XCBuildConfiguration;
			buildSettings = {
				ASSETCATALOG_COMPILER_GLOBAL_ACCENT_COLOR_NAME = AccentColor;
				ASSETCATALOG_COMPILER_WIDGET_BACKGROUND_COLOR_NAME = WidgetBackground;
				CODE_SIGN_ENTITLEMENTS = "WidgetExtension/Supporting Files/WidgetExtension.entitlements";
				CODE_SIGN_STYLE = Automatic;
				DEVELOPMENT_TEAM = DMCVYHA293;
				INFOPLIST_FILE = "WidgetExtension/Supporting Files/Info.plist";
				LD_RUNPATH_SEARCH_PATHS = (
					"$(inherited)",
					"@executable_path/Frameworks",
					"@executable_path/../../Frameworks",
				);
				PRODUCT_BUNDLE_IDENTIFIER = com.pawelwiszenko.WidgetExamples.WidgetExtension;
				PRODUCT_NAME = "$(TARGET_NAME)";
				SKIP_INSTALL = YES;
				SWIFT_VERSION = 5.0;
				TARGETED_DEVICE_FAMILY = "1,2";
			};
			name = Debug;
		};
		E542137E25387A0600CCC9C3 /* Release */ = {
			isa = XCBuildConfiguration;
			buildSettings = {
				ASSETCATALOG_COMPILER_GLOBAL_ACCENT_COLOR_NAME = AccentColor;
				ASSETCATALOG_COMPILER_WIDGET_BACKGROUND_COLOR_NAME = WidgetBackground;
				CODE_SIGN_ENTITLEMENTS = "WidgetExtension/Supporting Files/WidgetExtension.entitlements";
				CODE_SIGN_STYLE = Automatic;
				DEVELOPMENT_TEAM = DMCVYHA293;
				INFOPLIST_FILE = "WidgetExtension/Supporting Files/Info.plist";
				LD_RUNPATH_SEARCH_PATHS = (
					"$(inherited)",
					"@executable_path/Frameworks",
					"@executable_path/../../Frameworks",
				);
				PRODUCT_BUNDLE_IDENTIFIER = com.pawelwiszenko.WidgetExamples.WidgetExtension;
				PRODUCT_NAME = "$(TARGET_NAME)";
				SKIP_INSTALL = YES;
				SWIFT_VERSION = 5.0;
				TARGETED_DEVICE_FAMILY = "1,2";
			};
			name = Release;
		};
		E55497D92551C02E0066870B /* Debug */ = {
			isa = XCBuildConfiguration;
			buildSettings = {
				CODE_SIGN_ENTITLEMENTS = "IntentHandler/Supporting Files/IntentHandler.entitlements";
				CODE_SIGN_STYLE = Automatic;
				DEVELOPMENT_TEAM = DMCVYHA293;
				INFOPLIST_FILE = "IntentHandler/Supporting Files/Info.plist";
				IPHONEOS_DEPLOYMENT_TARGET = 14.1;
				LD_RUNPATH_SEARCH_PATHS = (
					"$(inherited)",
					"@executable_path/Frameworks",
					"@executable_path/../../Frameworks",
				);
				PRODUCT_BUNDLE_IDENTIFIER = com.pawelwiszenko.WidgetExamples.IntentHandler;
				PRODUCT_NAME = "$(TARGET_NAME)";
				SKIP_INSTALL = YES;
				SWIFT_VERSION = 5.0;
				TARGETED_DEVICE_FAMILY = "1,2";
			};
			name = Debug;
		};
		E55497DA2551C02E0066870B /* Release */ = {
			isa = XCBuildConfiguration;
			buildSettings = {
				CODE_SIGN_ENTITLEMENTS = "IntentHandler/Supporting Files/IntentHandler.entitlements";
				CODE_SIGN_STYLE = Automatic;
				DEVELOPMENT_TEAM = DMCVYHA293;
				INFOPLIST_FILE = "IntentHandler/Supporting Files/Info.plist";
				IPHONEOS_DEPLOYMENT_TARGET = 14.1;
				LD_RUNPATH_SEARCH_PATHS = (
					"$(inherited)",
					"@executable_path/Frameworks",
					"@executable_path/../../Frameworks",
				);
				PRODUCT_BUNDLE_IDENTIFIER = com.pawelwiszenko.WidgetExamples.IntentHandler;
				PRODUCT_NAME = "$(TARGET_NAME)";
				SKIP_INSTALL = YES;
				SWIFT_VERSION = 5.0;
				TARGETED_DEVICE_FAMILY = "1,2";
			};
			name = Release;
		};
/* End XCBuildConfiguration section */

/* Begin XCConfigurationList section */
		E5421351253879B700CCC9C3 /* Build configuration list for PBXProject "WidgetExamples" */ = {
			isa = XCConfigurationList;
			buildConfigurations = (
				E5421363253879BB00CCC9C3 /* Debug */,
				E5421364253879BB00CCC9C3 /* Release */,
			);
			defaultConfigurationIsVisible = 0;
			defaultConfigurationName = Release;
		};
		E5421365253879BB00CCC9C3 /* Build configuration list for PBXNativeTarget "WidgetExamples" */ = {
			isa = XCConfigurationList;
			buildConfigurations = (
				E5421366253879BB00CCC9C3 /* Debug */,
				E5421367253879BB00CCC9C3 /* Release */,
			);
			defaultConfigurationIsVisible = 0;
			defaultConfigurationName = Release;
		};
		E542137C25387A0600CCC9C3 /* Build configuration list for PBXNativeTarget "WidgetExtension" */ = {
			isa = XCConfigurationList;
			buildConfigurations = (
				E542137D25387A0600CCC9C3 /* Debug */,
				E542137E25387A0600CCC9C3 /* Release */,
			);
			defaultConfigurationIsVisible = 0;
			defaultConfigurationName = Release;
		};
		E55497D82551C02E0066870B /* Build configuration list for PBXNativeTarget "IntentHandler" */ = {
			isa = XCConfigurationList;
			buildConfigurations = (
				E55497D92551C02E0066870B /* Debug */,
				E55497DA2551C02E0066870B /* Release */,
			);
			defaultConfigurationIsVisible = 0;
			defaultConfigurationName = Release;
		};
/* End XCConfigurationList section */

/* Begin XCVersionGroup section */
		E54214212538B76C00CCC9C3 /* DataModel.xcdatamodeld */ = {
			isa = XCVersionGroup;
			children = (
				E54214222538B76C00CCC9C3 /* DataModel.xcdatamodel */,
			);
			currentVersion = E54214222538B76C00CCC9C3 /* DataModel.xcdatamodel */;
			path = DataModel.xcdatamodeld;
			sourceTree = "<group>";
			versionGroupType = wrapper.xcdatamodel;
		};
/* End XCVersionGroup section */
	};
	rootObject = E542134E253879B700CCC9C3 /* Project object */;
}
